// !$*UTF8*$!
{
	archiveVersion = 1;
	classes = {
	};
	objectVersion = 50;
	objects = {

/* Begin PBXBuildFile section */
		4C39FE6F22788C7500E28544 /* AppDelegate.m in Sources */ = {isa = PBXBuildFile; fileRef = 4C39FE6E22788C7500E28544 /* AppDelegate.m */; };
		4C39FE7222788C7500E28544 /* ViewController.m in Sources */ = {isa = PBXBuildFile; fileRef = 4C39FE7122788C7500E28544 /* ViewController.m */; };
		4C39FE7522788C7500E28544 /* Main.storyboard in Resources */ = {isa = PBXBuildFile; fileRef = 4C39FE7322788C7500E28544 /* Main.storyboard */; };
		4C39FE7722788C7700E28544 /* Assets.xcassets in Resources */ = {isa = PBXBuildFile; fileRef = 4C39FE7622788C7700E28544 /* Assets.xcassets */; };
		4C39FE7A22788C7700E28544 /* LaunchScreen.storyboard in Resources */ = {isa = PBXBuildFile; fileRef = 4C39FE7822788C7700E28544 /* LaunchScreen.storyboard */; };
		4C39FE7D22788C7700E28544 /* main.m in Sources */ = {isa = PBXBuildFile; fileRef = 4C39FE7C22788C7700E28544 /* main.m */; };
		4C39FE8C2278914700E28544 /* CALayer+UIoperation.m in Sources */ = {isa = PBXBuildFile; fileRef = 4C39FE8B2278914700E28544 /* CALayer+UIoperation.m */; };
		4C39FE90227892D000E28544 /* Item.m in Sources */ = {isa = PBXBuildFile; fileRef = 4C39FE8F227892D000E28544 /* Item.m */; };
		4C5C68092279EB8100E6EE43 /* ManagerViewController.m in Sources */ = {isa = PBXBuildFile; fileRef = 4C5C68082279EB8100E6EE43 /* ManagerViewController.m */; };
		4C5C680C2279F82D00E6EE43 /* PurchaseHistory.m in Sources */ = {isa = PBXBuildFile; fileRef = 4C5C680B2279F82D00E6EE43 /* PurchaseHistory.m */; };
		4C5C6812227A03AF00E6EE43 /* PurchaseHistoryTableViewController.m in Sources */ = {isa = PBXBuildFile; fileRef = 4C5C6811227A03AF00E6EE43 /* PurchaseHistoryTableViewController.m */; };
		4C5C6815227A550900E6EE43 /* PurchaseDetailsViewController.m in Sources */ = {isa = PBXBuildFile; fileRef = 4C5C6814227A550800E6EE43 /* PurchaseDetailsViewController.m */; };
		A5069BAB227A70A500414B14 /* RestockViewController.m in Sources */ = {isa = PBXBuildFile; fileRef = A5069BAA227A70A500414B14 /* RestockViewController.m */; };
/* End PBXBuildFile section */

/* Begin PBXFileReference section */
		4C39FE6A22788C7500E28544 /* Cash_Register.app */ = {isa = PBXFileReference; explicitFileType = wrapper.application; includeInIndex = 0; path = Cash_Register.app; sourceTree = BUILT_PRODUCTS_DIR; };
		4C39FE6D22788C7500E28544 /* AppDelegate.h */ = {isa = PBXFileReference; lastKnownFileType = sourcecode.c.h; path = AppDelegate.h; sourceTree = "<group>"; };
		4C39FE6E22788C7500E28544 /* AppDelegate.m */ = {isa = PBXFileReference; lastKnownFileType = sourcecode.c.objc; path = AppDelegate.m; sourceTree = "<group>"; };
		4C39FE7022788C7500E28544 /* ViewController.h */ = {isa = PBXFileReference; lastKnownFileType = sourcecode.c.h; path = ViewController.h; sourceTree = "<group>"; };
		4C39FE7122788C7500E28544 /* ViewController.m */ = {isa = PBXFileReference; lastKnownFileType = sourcecode.c.objc; path = ViewController.m; sourceTree = "<group>"; };
		4C39FE7422788C7500E28544 /* Base */ = {isa = PBXFileReference; lastKnownFileType = file.storyboard; name = Base; path = Base.lproj/Main.storyboard; sourceTree = "<group>"; };
		4C39FE7622788C7700E28544 /* Assets.xcassets */ = {isa = PBXFileReference; lastKnownFileType = folder.assetcatalog; path = Assets.xcassets; sourceTree = "<group>"; };
		4C39FE7922788C7700E28544 /* Base */ = {isa = PBXFileReference; lastKnownFileType = file.storyboard; name = Base; path = Base.lproj/LaunchScreen.storyboard; sourceTree = "<group>"; };
		4C39FE7B22788C7700E28544 /* Info.plist */ = {isa = PBXFileReference; lastKnownFileType = text.plist.xml; path = Info.plist; sourceTree = "<group>"; };
		4C39FE7C22788C7700E28544 /* main.m */ = {isa = PBXFileReference; lastKnownFileType = sourcecode.c.objc; path = main.m; sourceTree = "<group>"; };
		4C39FE8A2278914700E28544 /* CALayer+UIoperation.h */ = {isa = PBXFileReference; lastKnownFileType = sourcecode.c.h; path = "CALayer+UIoperation.h"; sourceTree = "<group>"; };
		4C39FE8B2278914700E28544 /* CALayer+UIoperation.m */ = {isa = PBXFileReference; lastKnownFileType = sourcecode.c.objc; path = "CALayer+UIoperation.m"; sourceTree = "<group>"; };
		4C39FE8E227892D000E28544 /* Item.h */ = {isa = PBXFileReference; lastKnownFileType = sourcecode.c.h; path = Item.h; sourceTree = "<group>"; };
		4C39FE8F227892D000E28544 /* Item.m */ = {isa = PBXFileReference; lastKnownFileType = sourcecode.c.objc; path = Item.m; sourceTree = "<group>"; };
		4C5C68072279EB8100E6EE43 /* ManagerViewController.h */ = {isa = PBXFileReference; lastKnownFileType = sourcecode.c.h; path = ManagerViewController.h; sourceTree = "<group>"; };
		4C5C68082279EB8100E6EE43 /* ManagerViewController.m */ = {isa = PBXFileReference; lastKnownFileType = sourcecode.c.objc; path = ManagerViewController.m; sourceTree = "<group>"; };
		4C5C680A2279F82D00E6EE43 /* PurchaseHistory.h */ = {isa = PBXFileReference; lastKnownFileType = sourcecode.c.h; path = PurchaseHistory.h; sourceTree = "<group>"; };
		4C5C680B2279F82D00E6EE43 /* PurchaseHistory.m */ = {isa = PBXFileReference; lastKnownFileType = sourcecode.c.objc; path = PurchaseHistory.m; sourceTree = "<group>"; };
		4C5C6810227A03AF00E6EE43 /* PurchaseHistoryTableViewController.h */ = {isa = PBXFileReference; lastKnownFileType = sourcecode.c.h; path = PurchaseHistoryTableViewController.h; sourceTree = "<group>"; };
		4C5C6811227A03AF00E6EE43 /* PurchaseHistoryTableViewController.m */ = {isa = PBXFileReference; lastKnownFileType = sourcecode.c.objc; path = PurchaseHistoryTableViewController.m; sourceTree = "<group>"; };
		4C5C6813227A550800E6EE43 /* PurchaseDetailsViewController.h */ = {isa = PBXFileReference; lastKnownFileType = sourcecode.c.h; path = PurchaseDetailsViewController.h; sourceTree = "<group>"; };
		4C5C6814227A550800E6EE43 /* PurchaseDetailsViewController.m */ = {isa = PBXFileReference; lastKnownFileType = sourcecode.c.objc; path = PurchaseDetailsViewController.m; sourceTree = "<group>"; };
		A5069BA9227A70A500414B14 /* RestockViewController.h */ = {isa = PBXFileReference; lastKnownFileType = sourcecode.c.h; path = RestockViewController.h; sourceTree = "<group>"; };
		A5069BAA227A70A500414B14 /* RestockViewController.m */ = {isa = PBXFileReference; lastKnownFileType = sourcecode.c.objc; path = RestockViewController.m; sourceTree = "<group>"; };
/* End PBXFileReference section */

/* Begin PBXFrameworksBuildPhase section */
		4C39FE6722788C7500E28544 /* Frameworks */ = {
			isa = PBXFrameworksBuildPhase;
			buildActionMask = 2147483647;
			files = (
			);
			runOnlyForDeploymentPostprocessing = 0;
		};
/* End PBXFrameworksBuildPhase section */

/* Begin PBXGroup section */
		4C39FE6122788C7500E28544 = {
			isa = PBXGroup;
			children = (
				4C39FE6C22788C7500E28544 /* Cash_Register */,
				4C39FE6B22788C7500E28544 /* Products */,
			);
			sourceTree = "<group>";
		};
		4C39FE6B22788C7500E28544 /* Products */ = {
			isa = PBXGroup;
			children = (
				4C39FE6A22788C7500E28544 /* Cash_Register.app */,
			);
			name = Products;
			sourceTree = "<group>";
		};
		4C39FE6C22788C7500E28544 /* Cash_Register */ = {
			isa = PBXGroup;
			children = (
				4C5C68062279EB4500E6EE43 /* ViewControllers */,
				4C39FE8D227892A800E28544 /* Model */,
				4C39FE8622788DCC00E28544 /* Category */,
				4C39FE6D22788C7500E28544 /* AppDelegate.h */,
				4C39FE6E22788C7500E28544 /* AppDelegate.m */,
				4C39FE7322788C7500E28544 /* Main.storyboard */,
				4C39FE7622788C7700E28544 /* Assets.xcassets */,
				4C39FE7822788C7700E28544 /* LaunchScreen.storyboard */,
				4C39FE7B22788C7700E28544 /* Info.plist */,
				4C39FE7C22788C7700E28544 /* main.m */,
			);
			path = Cash_Register;
			sourceTree = "<group>";
		};
		4C39FE8622788DCC00E28544 /* Category */ = {
			isa = PBXGroup;
			children = (
				4C39FE8A2278914700E28544 /* CALayer+UIoperation.h */,
				4C39FE8B2278914700E28544 /* CALayer+UIoperation.m */,
			);
			path = Category;
			sourceTree = "<group>";
		};
		4C39FE8D227892A800E28544 /* Model */ = {
			isa = PBXGroup;
			children = (
				4C39FE8E227892D000E28544 /* Item.h */,
				4C39FE8F227892D000E28544 /* Item.m */,
				4C5C680A2279F82D00E6EE43 /* PurchaseHistory.h */,
				4C5C680B2279F82D00E6EE43 /* PurchaseHistory.m */,
			);
			path = Model;
			sourceTree = "<group>";
		};
		4C5C68062279EB4500E6EE43 /* ViewControllers */ = {
			isa = PBXGroup;
			children = (
				4C39FE7022788C7500E28544 /* ViewController.h */,
				4C39FE7122788C7500E28544 /* ViewController.m */,
				4C5C68072279EB8100E6EE43 /* ManagerViewController.h */,
				4C5C68082279EB8100E6EE43 /* ManagerViewController.m */,
				4C5C6810227A03AF00E6EE43 /* PurchaseHistoryTableViewController.h */,
				4C5C6811227A03AF00E6EE43 /* PurchaseHistoryTableViewController.m */,
				4C5C6813227A550800E6EE43 /* PurchaseDetailsViewController.h */,
				4C5C6814227A550800E6EE43 /* PurchaseDetailsViewController.m */,
				A5069BA9227A70A500414B14 /* RestockViewController.h */,
				A5069BAA227A70A500414B14 /* RestockViewController.m */,
			);
			path = ViewControllers;
			sourceTree = "<group>";
		};
/* End PBXGroup section */

/* Begin PBXNativeTarget section */
		4C39FE6922788C7500E28544 /* Cash_Register */ = {
			isa = PBXNativeTarget;
			buildConfigurationList = 4C39FE8022788C7700E28544 /* Build configuration list for PBXNativeTarget "Cash_Register" */;
			buildPhases = (
				4C39FE6622788C7500E28544 /* Sources */,
				4C39FE6722788C7500E28544 /* Frameworks */,
				4C39FE6822788C7500E28544 /* Resources */,
			);
			buildRules = (
			);
			dependencies = (
			);
			name = Cash_Register;
			productName = Cash_Register;
			productReference = 4C39FE6A22788C7500E28544 /* Cash_Register.app */;
			productType = "com.apple.product-type.application";
		};
/* End PBXNativeTarget section */

/* Begin PBXProject section */
		4C39FE6222788C7500E28544 /* Project object */ = {
			isa = PBXProject;
			attributes = {
				LastUpgradeCheck = 1020;
				ORGANIZATIONNAME = "Jun Dang";
				TargetAttributes = {
					4C39FE6922788C7500E28544 = {
						CreatedOnToolsVersion = 10.2.1;
					};
				};
			};
			buildConfigurationList = 4C39FE6522788C7500E28544 /* Build configuration list for PBXProject "Cash_Register" */;
			compatibilityVersion = "Xcode 9.3";
			developmentRegion = en;
			hasScannedForEncodings = 0;
			knownRegions = (
				en,
				Base,
			);
			mainGroup = 4C39FE6122788C7500E28544;
			productRefGroup = 4C39FE6B22788C7500E28544 /* Products */;
			projectDirPath = "";
			projectRoot = "";
			targets = (
				4C39FE6922788C7500E28544 /* Cash_Register */,
			);
		};
/* End PBXProject section */

/* Begin PBXResourcesBuildPhase section */
		4C39FE6822788C7500E28544 /* Resources */ = {
			isa = PBXResourcesBuildPhase;
			buildActionMask = 2147483647;
			files = (
				4C39FE7A22788C7700E28544 /* LaunchScreen.storyboard in Resources */,
				4C39FE7722788C7700E28544 /* Assets.xcassets in Resources */,
				4C39FE7522788C7500E28544 /* Main.storyboard in Resources */,
			);
			runOnlyForDeploymentPostprocessing = 0;
		};
/* End PBXResourcesBuildPhase section */

/* Begin PBXSourcesBuildPhase section */
		4C39FE6622788C7500E28544 /* Sources */ = {
			isa = PBXSourcesBuildPhase;
			buildActionMask = 2147483647;
			files = (
				4C5C6815227A550900E6EE43 /* PurchaseDetailsViewController.m in Sources */,
				4C39FE90227892D000E28544 /* Item.m in Sources */,
				4C39FE7222788C7500E28544 /* ViewController.m in Sources */,
				4C5C68092279EB8100E6EE43 /* ManagerViewController.m in Sources */,
				4C5C6812227A03AF00E6EE43 /* PurchaseHistoryTableViewController.m in Sources */,
				4C39FE7D22788C7700E28544 /* main.m in Sources */,
				A5069BAB227A70A500414B14 /* RestockViewController.m in Sources */,
				4C39FE6F22788C7500E28544 /* AppDelegate.m in Sources */,
				4C5C680C2279F82D00E6EE43 /* PurchaseHistory.m in Sources */,
				4C39FE8C2278914700E28544 /* CALayer+UIoperation.m in Sources */,
			);
			runOnlyForDeploymentPostprocessing = 0;
		};
/* End PBXSourcesBuildPhase section */

/* Begin PBXVariantGroup section */
		4C39FE7322788C7500E28544 /* Main.storyboard */ = {
			isa = PBXVariantGroup;
			children = (
				4C39FE7422788C7500E28544 /* Base */,
			);
			name = Main.storyboard;
			sourceTree = "<group>";
		};
		4C39FE7822788C7700E28544 /* LaunchScreen.storyboard */ = {
			isa = PBXVariantGroup;
			children = (
				4C39FE7922788C7700E28544 /* Base */,
			);
			name = LaunchScreen.storyboard;
			sourceTree = "<group>";
		};
/* End PBXVariantGroup section */

/* Begin XCBuildConfiguration section */
		4C39FE7E22788C7700E28544 /* Debug */ = {
			isa = XCBuildConfiguration;
			buildSettings = {
				ALWAYS_SEARCH_USER_PATHS = NO;
				CLANG_ANALYZER_NONNULL = YES;
				CLANG_ANALYZER_NUMBER_OBJECT_CONVERSION = YES_AGGRESSIVE;
				CLANG_CXX_LANGUAGE_STANDARD = "gnu++14";
				CLANG_CXX_LIBRARY = "libc++";
				CLANG_ENABLE_MODULES = YES;
				CLANG_ENABLE_OBJC_ARC = YES;
				CLANG_ENABLE_OBJC_WEAK = YES;
				CLANG_WARN_BLOCK_CAPTURE_AUTORELEASING = YES;
				CLANG_WARN_BOOL_CONVERSION = YES;
				CLANG_WARN_COMMA = YES;
				CLANG_WARN_CONSTANT_CONVERSION = YES;
				CLANG_WARN_DEPRECATED_OBJC_IMPLEMENTATIONS = YES;
				CLANG_WARN_DIRECT_OBJC_ISA_USAGE = YES_ERROR;
				CLANG_WARN_DOCUMENTATION_COMMENTS = YES;
				CLANG_WARN_EMPTY_BODY = YES;
				CLANG_WARN_ENUM_CONVERSION = YES;
				CLANG_WARN_INFINITE_RECURSION = YES;
				CLANG_WARN_INT_CONVERSION = YES;
				CLANG_WARN_NON_LITERAL_NULL_CONVERSION = YES;
				CLANG_WARN_OBJC_IMPLICIT_RETAIN_SELF = YES;
				CLANG_WARN_OBJC_LITERAL_CONVERSION = YES;
				CLANG_WARN_OBJC_ROOT_CLASS = YES_ERROR;
				CLANG_WARN_RANGE_LOOP_ANALYSIS = YES;
				CLANG_WARN_STRICT_PROTOTYPES = YES;
				CLANG_WARN_SUSPICIOUS_MOVE = YES;
				CLANG_WARN_UNGUARDED_AVAILABILITY = YES_AGGRESSIVE;
				CLANG_WARN_UNREACHABLE_CODE = YES;
				CLANG_WARN__DUPLICATE_METHOD_MATCH = YES;
				CODE_SIGN_IDENTITY = "iPhone Developer";
				COPY_PHASE_STRIP = NO;
				DEBUG_INFORMATION_FORMAT = dwarf;
				ENABLE_STRICT_OBJC_MSGSEND = YES;
				ENABLE_TESTABILITY = YES;
				GCC_C_LANGUAGE_STANDARD = gnu11;
				GCC_DYNAMIC_NO_PIC = NO;
				GCC_NO_COMMON_BLOCKS = YES;
				GCC_OPTIMIZATION_LEVEL = 0;
				GCC_PREPROCESSOR_DEFINITIONS = (
					"DEBUG=1",
					"$(inherited)",
				);
				GCC_WARN_64_TO_32_BIT_CONVERSION = YES;
				GCC_WARN_ABOUT_RETURN_TYPE = YES_ERROR;
				GCC_WARN_UNDECLARED_SELECTOR = YES;
				GCC_WARN_UNINITIALIZED_AUTOS = YES_AGGRESSIVE;
				GCC_WARN_UNUSED_FUNCTION = YES;
				GCC_WARN_UNUSED_VARIABLE = YES;
				IPHONEOS_DEPLOYMENT_TARGET = 12.2;
				MTL_ENABLE_DEBUG_INFO = INCLUDE_SOURCE;
				MTL_FAST_MATH = YES;
				ONLY_ACTIVE_ARCH = YES;
				SDKROOT = iphoneos;
			};
			name = Debug;
		};
		4C39FE7F22788C7700E28544 /* Release */ = {
			isa = XCBuildConfiguration;
			buildSettings = {
				ALWAYS_SEARCH_USER_PATHS = NO;
				CLANG_ANALYZER_NONNULL = YES;
				CLANG_ANALYZER_NUMBER_OBJECT_CONVERSION = YES_AGGRESSIVE;
				CLANG_CXX_LANGUAGE_STANDARD = "gnu++14";
				CLANG_CXX_LIBRARY = "libc++";
				CLANG_ENABLE_MODULES = YES;
				CLANG_ENABLE_OBJC_ARC = YES;
				CLANG_ENABLE_OBJC_WEAK = YES;
				CLANG_WARN_BLOCK_CAPTURE_AUTORELEASING = YES;
				CLANG_WARN_BOOL_CONVERSION = YES;
				CLANG_WARN_COMMA = YES;
				CLANG_WARN_CONSTANT_CONVERSION = YES;
				CLANG_WARN_DEPRECATED_OBJC_IMPLEMENTATIONS = YES;
				CLANG_WARN_DIRECT_OBJC_ISA_USAGE = YES_ERROR;
				CLANG_WARN_DOCUMENTATION_COMMENTS = YES;
				CLANG_WARN_EMPTY_BODY = YES;
				CLANG_WARN_ENUM_CONVERSION = YES;
				CLANG_WARN_INFINITE_RECURSION = YES;
				CLANG_WARN_INT_CONVERSION = YES;
				CLANG_WARN_NON_LITERAL_NULL_CONVERSION = YES;
				CLANG_WARN_OBJC_IMPLICIT_RETAIN_SELF = YES;
				CLANG_WARN_OBJC_LITERAL_CONVERSION = YES;
				CLANG_WARN_OBJC_ROOT_CLASS = YES_ERROR;
				CLANG_WARN_RANGE_LOOP_ANALYSIS = YES;
				CLANG_WARN_STRICT_PROTOTYPES = YES;
				CLANG_WARN_SUSPICIOUS_MOVE = YES;
				CLANG_WARN_UNGUARDED_AVAILABILITY = YES_AGGRESSIVE;
				CLANG_WARN_UNREACHABLE_CODE = YES;
				CLANG_WARN__DUPLICATE_METHOD_MATCH = YES;
				CODE_SIGN_IDENTITY = "iPhone Developer";
				COPY_PHASE_STRIP = NO;
				DEBUG_INFORMATION_FORMAT = "dwarf-with-dsym";
				ENABLE_NS_ASSERTIONS = NO;
				ENABLE_STRICT_OBJC_MSGSEND = YES;
				GCC_C_LANGUAGE_STANDARD = gnu11;
				GCC_NO_COMMON_BLOCKS = YES;
				GCC_WARN_64_TO_32_BIT_CONVERSION = YES;
				GCC_WARN_ABOUT_RETURN_TYPE = YES_ERROR;
				GCC_WARN_UNDECLARED_SELECTOR = YES;
				GCC_WARN_UNINITIALIZED_AUTOS = YES_AGGRESSIVE;
				GCC_WARN_UNUSED_FUNCTION = YES;
				GCC_WARN_UNUSED_VARIABLE = YES;
				IPHONEOS_DEPLOYMENT_TARGET = 12.2;
				MTL_ENABLE_DEBUG_INFO = NO;
				MTL_FAST_MATH = YES;
				SDKROOT = iphoneos;
				VALIDATE_PRODUCT = YES;
			};
			name = Release;
		};
		4C39FE8122788C7700E28544 /* Debug */ = {
			isa = XCBuildConfiguration;
			buildSettings = {
				ASSETCATALOG_COMPILER_APPICON_NAME = AppIcon;
				CODE_SIGN_STYLE = Automatic;
				DEVELOPMENT_TEAM = UY3JE2JN3T;
				INFOPLIST_FILE = Cash_Register/Info.plist;
				LD_RUNPATH_SEARCH_PATHS = (
					"$(inherited)",
					"@executable_path/Frameworks",
				);
				PRODUCT_BUNDLE_IDENTIFIER = "ca.beida.Cash-Register";
				PRODUCT_NAME = "$(TARGET_NAME)";
				TARGETED_DEVICE_FAMILY = "1,2";
			};
			name = Debug;
		};
		4C39FE8222788C7700E28544 /* Release */ = {
			isa = XCBuildConfiguration;
			buildSettings = {
				ASSETCATALOG_COMPILER_APPICON_NAME = AppIcon;
				CODE_SIGN_STYLE = Automatic;
				DEVELOPMENT_TEAM = UY3JE2JN3T;
				INFOPLIST_FILE = Cash_Register/Info.plist;
				LD_RUNPATH_SEARCH_PATHS = (
					"$(inherited)",
					"@executable_path/Frameworks",
				);
				PRODUCT_BUNDLE_IDENTIFIER = "ca.beida.Cash-Register";
				PRODUCT_NAME = "$(TARGET_NAME)";
				TARGETED_DEVICE_FAMILY = "1,2";
			};
			name = Release;
		};
/* End XCBuildConfiguration section */

/* Begin XCConfigurationList section */
		4C39FE6522788C7500E28544 /* Build configuration list for PBXProject "Cash_Register" */ = {
			isa = XCConfigurationList;
			buildConfigurations = (
				4C39FE7E22788C7700E28544 /* Debug */,
				4C39FE7F22788C7700E28544 /* Release */,
			);
			defaultConfigurationIsVisible = 0;
			defaultConfigurationName = Release;
		};
		4C39FE8022788C7700E28544 /* Build configuration list for PBXNativeTarget "Cash_Register" */ = {
			isa = XCConfigurationList;
			buildConfigurations = (
				4C39FE8122788C7700E28544 /* Debug */,
				4C39FE8222788C7700E28544 /* Release */,
			);
			defaultConfigurationIsVisible = 0;
			defaultConfigurationName = Release;
		};
/* End XCConfigurationList section */
	};
	rootObject = 4C39FE6222788C7500E28544 /* Project object */;
}
